
Microsoft Visual Studio Solution File, Format Version 12.00
# Visual Studio Version 17
VisualStudioVersion = 17.6.33723.286
MinimumVisualStudioVersion = 10.0.40219.1
Project("{FAE04EC0-301F-11D3-BF4B-00C04F79EFBC}") = "labclothingcollectionbd", "labclothingcollectionbd.csproj", "{A14EB9B8-C43A-40B2-A3FD-282D26ACF6EA}"
EndProject
Global
	GlobalSection(SolutionConfigurationPlatforms) = preSolution
		Debug|Any CPU = Debug|Any CPU
		Release|Any CPU = Release|Any CPU
	EndGlobalSection
	GlobalSection(ProjectConfigurationPlatforms) = postSolution
		{A14EB9B8-C43A-40B2-A3FD-282D26ACF6EA}.Debug|Any CPU.ActiveCfg = Debug|Any CPU
		{A14EB9B8-C43A-40B2-A3FD-282D26ACF6EA}.Debug|Any CPU.Build.0 = Debug|Any CPU
		{A14EB9B8-C43A-40B2-A3FD-282D26ACF6EA}.Release|Any CPU.ActiveCfg = Release|Any CPU
		{A14EB9B8-C43A-40B2-A3FD-282D26ACF6EA}.Release|Any CPU.Build.0 = Release|Any CPU
	EndGlobalSection
	GlobalSection(SolutionProperties) = preSolution
		HideSolutionNode = FALSE
	EndGlobalSection
	GlobalSection(ExtensibilityGlobals) = postSolution
		SolutionGuid = {950A58C5-6686-41AD-A5FF-102557EDCB7E}
	EndGlobalSection
EndGlobal
